
Microsoft Visual Studio Solution File, Format Version 12.00
# Visual Studio Version 17
VisualStudioVersion = 17.1.32228.430
MinimumVisualStudioVersion = 10.0.40219.1
Project("{9A19103F-16F7-4668-BE54-9A1E7A4F7556}") = "AlgorithmsTest", "AlgorithmsTest\AlgorithmsTest.csproj", "{C6673987-1EF4-41AE-B8A7-410F6762D3CF}"
EndProject
Project("{FAE04EC0-301F-11D3-BF4B-00C04F79EFBC}") = "Algorithms.App.UWP", "Algorithms.App\Algorithms.App.UWP\Algorithms.App.UWP.csproj", "{BED16CF7-FF5A-4DE8-B474-8BB4064F737F}"
EndProject
Project("{9A19103F-16F7-4668-BE54-9A1E7A4F7556}") = "Algorithms.App", "Algorithms.App\Algorithms.App\Algorithms.App.csproj", "{3D676A83-F062-450F-9A7B-06F2062F8495}"
EndProject
Project("{FAE04EC0-301F-11D3-BF4B-00C04F79EFBC}") = "Algorithms.App.macOS", "Algorithms.App\Algorithms.App.macOS\Algorithms.App.macOS.csproj", "{6DD7E962-4ACE-43C4-9B5C-E9CEED367867}"
EndProject
Project("{FAE04EC0-301F-11D3-BF4B-00C04F79EFBC}") = "AlgorithmsLibrary", "AlgorithmsLibrary\AlgorithmsLibrary.csproj", "{3F1C569B-7503-458F-9EF3-E7C559F1CD13}"
EndProject
Global
	GlobalSection(SolutionConfigurationPlatforms) = preSolution
		Debug|Any CPU = Debug|Any CPU
		Debug|ARM = Debug|ARM
		Debug|x64 = Debug|x64
		Debug|x86 = Debug|x86
		Release|Any CPU = Release|Any CPU
		Release|ARM = Release|ARM
		Release|x64 = Release|x64
		Release|x86 = Release|x86
	EndGlobalSection
	GlobalSection(ProjectConfigurationPlatforms) = postSolution
		{C6673987-1EF4-41AE-B8A7-410F6762D3CF}.Debug|Any CPU.ActiveCfg = Debug|Any CPU
		{C6673987-1EF4-41AE-B8A7-410F6762D3CF}.Debug|Any CPU.Build.0 = Debug|Any CPU
		{C6673987-1EF4-41AE-B8A7-410F6762D3CF}.Debug|ARM.ActiveCfg = Debug|Any CPU
		{C6673987-1EF4-41AE-B8A7-410F6762D3CF}.Debug|ARM.Build.0 = Debug|Any CPU
		{C6673987-1EF4-41AE-B8A7-410F6762D3CF}.Debug|x64.ActiveCfg = Debug|Any CPU
		{C6673987-1EF4-41AE-B8A7-410F6762D3CF}.Debug|x64.Build.0 = Debug|Any CPU
		{C6673987-1EF4-41AE-B8A7-410F6762D3CF}.Debug|x86.ActiveCfg = Debug|Any CPU
		{C6673987-1EF4-41AE-B8A7-410F6762D3CF}.Debug|x86.Build.0 = Debug|Any CPU
		{C6673987-1EF4-41AE-B8A7-410F6762D3CF}.Release|Any CPU.ActiveCfg = Release|Any CPU
		{C6673987-1EF4-41AE-B8A7-410F6762D3CF}.Release|Any CPU.Build.0 = Release|Any CPU
		{C6673987-1EF4-41AE-B8A7-410F6762D3CF}.Release|ARM.ActiveCfg = Release|Any CPU
		{C6673987-1EF4-41AE-B8A7-410F6762D3CF}.Release|ARM.Build.0 = Release|Any CPU
		{C6673987-1EF4-41AE-B8A7-410F6762D3CF}.Release|x64.ActiveCfg = Release|Any CPU
		{C6673987-1EF4-41AE-B8A7-410F6762D3CF}.Release|x64.Build.0 = Release|Any CPU
		{C6673987-1EF4-41AE-B8A7-410F6762D3CF}.Release|x86.ActiveCfg = Release|Any CPU
		{C6673987-1EF4-41AE-B8A7-410F6762D3CF}.Release|x86.Build.0 = Release|Any CPU
		{BED16CF7-FF5A-4DE8-B474-8BB4064F737F}.Debug|Any CPU.ActiveCfg = Debug|x64
		{BED16CF7-FF5A-4DE8-B474-8BB4064F737F}.Debug|Any CPU.Build.0 = Debug|x64
		{BED16CF7-FF5A-4DE8-B474-8BB4064F737F}.Debug|Any CPU.Deploy.0 = Debug|x64
		{BED16CF7-FF5A-4DE8-B474-8BB4064F737F}.Debug|ARM.ActiveCfg = Debug|ARM
		{BED16CF7-FF5A-4DE8-B474-8BB4064F737F}.Debug|ARM.Build.0 = Debug|ARM
		{BED16CF7-FF5A-4DE8-B474-8BB4064F737F}.Debug|ARM.Deploy.0 = Debug|ARM
		{BED16CF7-FF5A-4DE8-B474-8BB4064F737F}.Debug|x64.ActiveCfg = Debug|x64
		{BED16CF7-FF5A-4DE8-B474-8BB4064F737F}.Debug|x64.Build.0 = Debug|x64
		{BED16CF7-FF5A-4DE8-B474-8BB4064F737F}.Debug|x64.Deploy.0 = Debug|x64
		{BED16CF7-FF5A-4DE8-B474-8BB4064F737F}.Debug|x86.ActiveCfg = Debug|x86
		{BED16CF7-FF5A-4DE8-B474-8BB4064F737F}.Debug|x86.Build.0 = Debug|x86
		{BED16CF7-FF5A-4DE8-B474-8BB4064F737F}.Debug|x86.Deploy.0 = Debug|x86
		{BED16CF7-FF5A-4DE8-B474-8BB4064F737F}.Release|Any CPU.ActiveCfg = Release|x64
		{BED16CF7-FF5A-4DE8-B474-8BB4064F737F}.Release|Any CPU.Build.0 = Release|x64
		{BED16CF7-FF5A-4DE8-B474-8BB4064F737F}.Release|Any CPU.Deploy.0 = Release|x64
		{BED16CF7-FF5A-4DE8-B474-8BB4064F737F}.Release|ARM.ActiveCfg = Release|ARM
		{BED16CF7-FF5A-4DE8-B474-8BB4064F737F}.Release|ARM.Build.0 = Release|ARM
		{BED16CF7-FF5A-4DE8-B474-8BB4064F737F}.Release|ARM.Deploy.0 = Release|ARM
		{BED16CF7-FF5A-4DE8-B474-8BB4064F737F}.Release|x64.ActiveCfg = Release|x64
		{BED16CF7-FF5A-4DE8-B474-8BB4064F737F}.Release|x64.Build.0 = Release|x64
		{BED16CF7-FF5A-4DE8-B474-8BB4064F737F}.Release|x64.Deploy.0 = Release|x64
		{BED16CF7-FF5A-4DE8-B474-8BB4064F737F}.Release|x86.ActiveCfg = Release|x86
		{BED16CF7-FF5A-4DE8-B474-8BB4064F737F}.Release|x86.Build.0 = Release|x86
		{BED16CF7-FF5A-4DE8-B474-8BB4064F737F}.Release|x86.Deploy.0 = Release|x86
		{3D676A83-F062-450F-9A7B-06F2062F8495}.Debug|Any CPU.ActiveCfg = Debug|Any CPU
		{3D676A83-F062-450F-9A7B-06F2062F8495}.Debug|Any CPU.Build.0 = Debug|Any CPU
		{3D676A83-F062-450F-9A7B-06F2062F8495}.Debug|ARM.ActiveCfg = Debug|Any CPU
		{3D676A83-F062-450F-9A7B-06F2062F8495}.Debug|ARM.Build.0 = Debug|Any CPU
		{3D676A83-F062-450F-9A7B-06F2062F8495}.Debug|x64.ActiveCfg = Debug|Any CPU
		{3D676A83-F062-450F-9A7B-06F2062F8495}.Debug|x64.Build.0 = Debug|Any CPU
		{3D676A83-F062-450F-9A7B-06F2062F8495}.Debug|x86.ActiveCfg = Debug|Any CPU
		{3D676A83-F062-450F-9A7B-06F2062F8495}.Debug|x86.Build.0 = Debug|Any CPU
		{3D676A83-F062-450F-9A7B-06F2062F8495}.Release|Any CPU.ActiveCfg = Release|Any CPU
		{3D676A83-F062-450F-9A7B-06F2062F8495}.Release|Any CPU.Build.0 = Release|Any CPU
		{3D676A83-F062-450F-9A7B-06F2062F8495}.Release|ARM.ActiveCfg = Release|Any CPU
		{3D676A83-F062-450F-9A7B-06F2062F8495}.Release|ARM.Build.0 = Release|Any CPU
		{3D676A83-F062-450F-9A7B-06F2062F8495}.Release|x64.ActiveCfg = Release|Any CPU
		{3D676A83-F062-450F-9A7B-06F2062F8495}.Release|x64.Build.0 = Release|Any CPU
		{3D676A83-F062-450F-9A7B-06F2062F8495}.Release|x86.ActiveCfg = Release|Any CPU
		{3D676A83-F062-450F-9A7B-06F2062F8495}.Release|x86.Build.0 = Release|Any CPU
		{6DD7E962-4ACE-43C4-9B5C-E9CEED367867}.Debug|Any CPU.ActiveCfg = Debug|Any CPU
		{6DD7E962-4ACE-43C4-9B5C-E9CEED367867}.Debug|Any CPU.Build.0 = Debug|Any CPU
		{6DD7E962-4ACE-43C4-9B5C-E9CEED367867}.Debug|ARM.ActiveCfg = Debug|Any CPU
		{6DD7E962-4ACE-43C4-9B5C-E9CEED367867}.Debug|ARM.Build.0 = Debug|Any CPU
		{6DD7E962-4ACE-43C4-9B5C-E9CEED367867}.Debug|x64.ActiveCfg = Debug|Any CPU
		{6DD7E962-4ACE-43C4-9B5C-E9CEED367867}.Debug|x64.Build.0 = Debug|Any CPU
		{6DD7E962-4ACE-43C4-9B5C-E9CEED367867}.Debug|x86.ActiveCfg = Debug|Any CPU
		{6DD7E962-4ACE-43C4-9B5C-E9CEED367867}.Debug|x86.Build.0 = Debug|Any CPU
		{6DD7E962-4ACE-43C4-9B5C-E9CEED367867}.Release|Any CPU.ActiveCfg = Release|Any CPU
		{6DD7E962-4ACE-43C4-9B5C-E9CEED367867}.Release|Any CPU.Build.0 = Release|Any CPU
		{6DD7E962-4ACE-43C4-9B5C-E9CEED367867}.Release|ARM.ActiveCfg = Release|Any CPU
		{6DD7E962-4ACE-43C4-9B5C-E9CEED367867}.Release|ARM.Build.0 = Release|Any CPU
		{6DD7E962-4ACE-43C4-9B5C-E9CEED367867}.Release|x64.ActiveCfg = Release|Any CPU
		{6DD7E962-4ACE-43C4-9B5C-E9CEED367867}.Release|x64.Build.0 = Release|Any CPU
		{6DD7E962-4ACE-43C4-9B5C-E9CEED367867}.Release|x86.ActiveCfg = Release|Any CPU
		{6DD7E962-4ACE-43C4-9B5C-E9CEED367867}.Release|x86.Build.0 = Release|Any CPU
		{3F1C569B-7503-458F-9EF3-E7C559F1CD13}.Debug|Any CPU.ActiveCfg = Debug|Any CPU
		{3F1C569B-7503-458F-9EF3-E7C559F1CD13}.Debug|Any CPU.Build.0 = Debug|Any CPU
		{3F1C569B-7503-458F-9EF3-E7C559F1CD13}.Debug|ARM.ActiveCfg = Debug|Any CPU
		{3F1C569B-7503-458F-9EF3-E7C559F1CD13}.Debug|ARM.Build.0 = Debug|Any CPU
		{3F1C569B-7503-458F-9EF3-E7C559F1CD13}.Debug|x64.ActiveCfg = Debug|Any CPU
		{3F1C569B-7503-458F-9EF3-E7C559F1CD13}.Debug|x64.Build.0 = Debug|Any CPU
		{3F1C569B-7503-458F-9EF3-E7C559F1CD13}.Debug|x86.ActiveCfg = Debug|Any CPU
		{3F1C569B-7503-458F-9EF3-E7C559F1CD13}.Debug|x86.Build.0 = Debug|Any CPU
		{3F1C569B-7503-458F-9EF3-E7C559F1CD13}.Release|Any CPU.ActiveCfg = Release|Any CPU
		{3F1C569B-7503-458F-9EF3-E7C559F1CD13}.Release|Any CPU.Build.0 = Release|Any CPU
		{3F1C569B-7503-458F-9EF3-E7C559F1CD13}.Release|ARM.ActiveCfg = Release|Any CPU
		{3F1C569B-7503-458F-9EF3-E7C559F1CD13}.Release|ARM.Build.0 = Release|Any CPU
		{3F1C569B-7503-458F-9EF3-E7C559F1CD13}.Release|x64.ActiveCfg = Release|Any CPU
		{3F1C569B-7503-458F-9EF3-E7C559F1CD13}.Release|x64.Build.0 = Release|Any CPU
		{3F1C569B-7503-458F-9EF3-E7C559F1CD13}.Release|x86.ActiveCfg = Release|Any CPU
		{3F1C569B-7503-458F-9EF3-E7C559F1CD13}.Release|x86.Build.0 = Release|Any CPU
	EndGlobalSection
	GlobalSection(SolutionProperties) = preSolution
		HideSolutionNode = FALSE
	EndGlobalSection
	GlobalSection(ExtensibilityGlobals) = postSolution
		SolutionGuid = {64BF8F47-E9FA-499D-BFDC-A0209B243AF2}
	EndGlobalSection
EndGlobal
