
Microsoft Visual Studio Solution File, Format Version 12.00
# Visual Studio Version 17
VisualStudioVersion = 17.1.32228.430
MinimumVisualStudioVersion = 10.0.40219.1
Project("{9A19103F-16F7-4668-BE54-9A1E7A4F7556}") = "Algorithms", "Algorithms\Algorithms.csproj", "{87B87938-28A3-4775-96B4-13D0459D63F9}"
EndProject
Project("{FAE04EC0-301F-11D3-BF4B-00C04F79EFBC}") = "AlgorithmsTest", "AlgorithmsTest\AlgorithmsTest.csproj", "{C6673987-1EF4-41AE-B8A7-410F6762D3CF}"
EndProject
Global
	GlobalSection(SolutionConfigurationPlatforms) = preSolution
		Debug|Any CPU = Debug|Any CPU
		Release|Any CPU = Release|Any CPU
	EndGlobalSection
	GlobalSection(ProjectConfigurationPlatforms) = postSolution
		{87B87938-28A3-4775-96B4-13D0459D63F9}.Debug|Any CPU.ActiveCfg = Debug|Any CPU
		{87B87938-28A3-4775-96B4-13D0459D63F9}.Debug|Any CPU.Build.0 = Debug|Any CPU
		{87B87938-28A3-4775-96B4-13D0459D63F9}.Release|Any CPU.ActiveCfg = Release|Any CPU
		{87B87938-28A3-4775-96B4-13D0459D63F9}.Release|Any CPU.Build.0 = Release|Any CPU
		{C6673987-1EF4-41AE-B8A7-410F6762D3CF}.Debug|Any CPU.ActiveCfg = Debug|Any CPU
		{C6673987-1EF4-41AE-B8A7-410F6762D3CF}.Debug|Any CPU.Build.0 = Debug|Any CPU
		{C6673987-1EF4-41AE-B8A7-410F6762D3CF}.Release|Any CPU.ActiveCfg = Release|Any CPU
		{C6673987-1EF4-41AE-B8A7-410F6762D3CF}.Release|Any CPU.Build.0 = Release|Any CPU
	EndGlobalSection
	GlobalSection(SolutionProperties) = preSolution
		HideSolutionNode = FALSE
	EndGlobalSection
	GlobalSection(ExtensibilityGlobals) = postSolution
		SolutionGuid = {64BF8F47-E9FA-499D-BFDC-A0209B243AF2}
	EndGlobalSection
EndGlobal
